
Microsoft Visual Studio Solution File, Format Version 12.00
# Visual Studio Version 17
VisualStudioVersion = 17.0.32112.339
MinimumVisualStudioVersion = 10.0.40219.1
Project("{FAE04EC0-301F-11D3-BF4B-00C04F79EFBC}") = "Boss.az", "Boss.az\Boss.az.csproj", "{979C5F3E-FA79-49C3-B575-39F51A3BCB7C}"
EndProject
Global
	GlobalSection(SolutionConfigurationPlatforms) = preSolution
		Debug|Any CPU = Debug|Any CPU
		Release|Any CPU = Release|Any CPU
	EndGlobalSection
	GlobalSection(ProjectConfigurationPlatforms) = postSolution
		{979C5F3E-FA79-49C3-B575-39F51A3BCB7C}.Debug|Any CPU.ActiveCfg = Debug|Any CPU
		{979C5F3E-FA79-49C3-B575-39F51A3BCB7C}.Debug|Any CPU.Build.0 = Debug|Any CPU
		{979C5F3E-FA79-49C3-B575-39F51A3BCB7C}.Release|Any CPU.ActiveCfg = Release|Any CPU
		{979C5F3E-FA79-49C3-B575-39F51A3BCB7C}.Release|Any CPU.Build.0 = Release|Any CPU
	EndGlobalSection
	GlobalSection(SolutionProperties) = preSolution
		HideSolutionNode = FALSE
	EndGlobalSection
	GlobalSection(ExtensibilityGlobals) = postSolution
		SolutionGuid = {E10DC544-0863-4A0B-99E4-B2756095C1B2}
	EndGlobalSection
EndGlobal
